
Microsoft Visual Studio Solution File, Format Version 12.00
# Visual Studio Version 16
VisualStudioVersion = 16.0.31729.503
MinimumVisualStudioVersion = 10.0.40219.1
Project("{8BC9CEB8-8B4A-11D0-8D11-00A0C91BC942}") = "HellWindows", "HellWindows\HellWindows.vcxproj", "{15AACEF0-F2CF-4819-A7A6-29CBA97803C7}"
EndProject
Global
	GlobalSection(SolutionConfigurationPlatforms) = preSolution
		Debug|x64 = Debug|x64
		Debug|x86 = Debug|x86
		Release|x64 = Release|x64
		Release|x86 = Release|x86
	EndGlobalSection
	GlobalSection(ProjectConfigurationPlatforms) = postSolution
		{15AACEF0-F2CF-4819-A7A6-29CBA97803C7}.Debug|x64.ActiveCfg = Debug|x64
		{15AACEF0-F2CF-4819-A7A6-29CBA97803C7}.Debug|x64.Build.0 = Debug|x64
		{15AACEF0-F2CF-4819-A7A6-29CBA97803C7}.Debug|x86.ActiveCfg = Debug|Win32
		{15AACEF0-F2CF-4819-A7A6-29CBA97803C7}.Debug|x86.Build.0 = Debug|Win32
		{15AACEF0-F2CF-4819-A7A6-29CBA97803C7}.Release|x64.ActiveCfg = Release|x64
		{15AACEF0-F2CF-4819-A7A6-29CBA97803C7}.Release|x64.Build.0 = Release|x64
		{15AACEF0-F2CF-4819-A7A6-29CBA97803C7}.Release|x86.ActiveCfg = Release|Win32
		{15AACEF0-F2CF-4819-A7A6-29CBA97803C7}.Release|x86.Build.0 = Release|Win32
	EndGlobalSection
	GlobalSection(SolutionProperties) = preSolution
		HideSolutionNode = FALSE
	EndGlobalSection
	GlobalSection(ExtensibilityGlobals) = postSolution
		SolutionGuid = {67FB7686-C8DA-40C8-A549-AC93671880B9}
	EndGlobalSection
EndGlobal
